
Microsoft Visual Studio Solution File, Format Version 12.00
# Visual Studio 2013
VisualStudioVersion = 12.0.30110.0
MinimumVisualStudioVersion = 10.0.40219.1
Project("{FAE04EC0-301F-11D3-BF4B-00C04F79EFBC}") = "CSharp", "CSharp.csproj", "{7D2A679A-4EC4-4353-8A63-249D4909EFAC}"
EndProject
Global
	GlobalSection(SolutionConfigurationPlatforms) = preSolution
		Debug|Any CPU = Debug|Any CPU
		Release|Any CPU = Release|Any CPU
	EndGlobalSection
	GlobalSection(ProjectConfigurationPlatforms) = postSolution
		{7D2A679A-4EC4-4353-8A63-249D4909EFAC}.Debug|Any CPU.ActiveCfg = Debug|Any CPU
		{7D2A679A-4EC4-4353-8A63-249D4909EFAC}.Debug|Any CPU.Build.0 = Debug|Any CPU
		{7D2A679A-4EC4-4353-8A63-249D4909EFAC}.Release|Any CPU.ActiveCfg = Release|Any CPU
		{7D2A679A-4EC4-4353-8A63-249D4909EFAC}.Release|Any CPU.Build.0 = Release|Any CPU
	EndGlobalSection
	GlobalSection(SolutionProperties) = preSolution
		HideSolutionNode = FALSE
	EndGlobalSection
EndGlobal
